
Microsoft Visual Studio Solution File, Format Version 12.00
# Visual Studio Version 17
VisualStudioVersion = 17.3.32929.385
MinimumVisualStudioVersion = 10.0.40219.1
Project("{FAE04EC0-301F-11D3-BF4B-00C04F79EFBC}") = "Task_12_1", "Task_12_1\Task_12_1.csproj", "{41EEF514-1912-45F1-A730-17D6369D5189}"
EndProject
Global
	GlobalSection(SolutionConfigurationPlatforms) = preSolution
		Debug|Any CPU = Debug|Any CPU
		Release|Any CPU = Release|Any CPU
	EndGlobalSection
	GlobalSection(ProjectConfigurationPlatforms) = postSolution
		{41EEF514-1912-45F1-A730-17D6369D5189}.Debug|Any CPU.ActiveCfg = Debug|Any CPU
		{41EEF514-1912-45F1-A730-17D6369D5189}.Debug|Any CPU.Build.0 = Debug|Any CPU
		{41EEF514-1912-45F1-A730-17D6369D5189}.Release|Any CPU.ActiveCfg = Release|Any CPU
		{41EEF514-1912-45F1-A730-17D6369D5189}.Release|Any CPU.Build.0 = Release|Any CPU
	EndGlobalSection
	GlobalSection(SolutionProperties) = preSolution
		HideSolutionNode = FALSE
	EndGlobalSection
	GlobalSection(ExtensibilityGlobals) = postSolution
		SolutionGuid = {BE9CEAA6-DFD8-46B1-AAA3-DFD717B604E9}
	EndGlobalSection
EndGlobal
